
Microsoft Visual Studio Solution File, Format Version 12.00
# Visual Studio Version 16
VisualStudioVersion = 16.0.31129.286
MinimumVisualStudioVersion = 10.0.40219.1
Project("{9A19103F-16F7-4668-BE54-9A1E7A4F7556}") = "VueTestWebAPI", "VueTestWebAPI\VueTestWebAPI.csproj", "{CFBF2C60-CDC7-4D4D-A398-BBC5AB01A204}"
EndProject
Project("{9A19103F-16F7-4668-BE54-9A1E7A4F7556}") = "VueTestWebFrontend", "VueTestWebFrontend\VueTestWebFrontend.csproj", "{910E26CD-7808-4BA1-A3AB-D52465044016}"
	ProjectSection(ProjectDependencies) = postProject
		{CFBF2C60-CDC7-4D4D-A398-BBC5AB01A204} = {CFBF2C60-CDC7-4D4D-A398-BBC5AB01A204}
	EndProjectSection
EndProject
Global
	GlobalSection(SolutionConfigurationPlatforms) = preSolution
		Debug|Any CPU = Debug|Any CPU
		Release|Any CPU = Release|Any CPU
	EndGlobalSection
	GlobalSection(ProjectConfigurationPlatforms) = postSolution
		{CFBF2C60-CDC7-4D4D-A398-BBC5AB01A204}.Debug|Any CPU.ActiveCfg = Debug|Any CPU
		{CFBF2C60-CDC7-4D4D-A398-BBC5AB01A204}.Debug|Any CPU.Build.0 = Debug|Any CPU
		{CFBF2C60-CDC7-4D4D-A398-BBC5AB01A204}.Release|Any CPU.ActiveCfg = Release|Any CPU
		{CFBF2C60-CDC7-4D4D-A398-BBC5AB01A204}.Release|Any CPU.Build.0 = Release|Any CPU
		{910E26CD-7808-4BA1-A3AB-D52465044016}.Debug|Any CPU.ActiveCfg = Debug|Any CPU
		{910E26CD-7808-4BA1-A3AB-D52465044016}.Debug|Any CPU.Build.0 = Debug|Any CPU
		{910E26CD-7808-4BA1-A3AB-D52465044016}.Release|Any CPU.ActiveCfg = Release|Any CPU
		{910E26CD-7808-4BA1-A3AB-D52465044016}.Release|Any CPU.Build.0 = Release|Any CPU
	EndGlobalSection
	GlobalSection(SolutionProperties) = preSolution
		HideSolutionNode = FALSE
	EndGlobalSection
	GlobalSection(ExtensibilityGlobals) = postSolution
		SolutionGuid = {3E28E5BE-4492-43F2-A6B7-562D2DEE7C11}
	EndGlobalSection
EndGlobal
